
Microsoft Visual Studio Solution File, Format Version 11.00
# Visual Studio 2010
Project("{FAE04EC0-301F-11D3-BF4B-00C04F79EFBC}") = "Holography", "Holography\Holography.csproj", "{59B4A8C2-7937-4D62-832A-4B200D652BD9}"
EndProject
Global
	GlobalSection(SolutionConfigurationPlatforms) = preSolution
		Debug|x86 = Debug|x86
		Release|x86 = Release|x86
	EndGlobalSection
	GlobalSection(ProjectConfigurationPlatforms) = postSolution
		{59B4A8C2-7937-4D62-832A-4B200D652BD9}.Debug|x86.ActiveCfg = Debug|x86
		{59B4A8C2-7937-4D62-832A-4B200D652BD9}.Debug|x86.Build.0 = Debug|x86
		{59B4A8C2-7937-4D62-832A-4B200D652BD9}.Release|x86.ActiveCfg = Release|x86
		{59B4A8C2-7937-4D62-832A-4B200D652BD9}.Release|x86.Build.0 = Release|x86
	EndGlobalSection
	GlobalSection(SolutionProperties) = preSolution
		HideSolutionNode = FALSE
	EndGlobalSection
EndGlobal
